// !$*UTF8*$!
{
	archiveVersion = 1;
	classes = {
	};
	objectVersion = 77;
	objects = {

/* Begin PBXBuildFile section */
		011E84DC03765F9671DA2955 /* WorkerPool.swift in Sources */ = {isa = PBXBuildFile; fileRef = DBDCBEFF3F19F76368A284DA /* WorkerPool.swift */; };
		0188D13AF371CDA379A7DCCD /* Conversation.swift in Sources */ = {isa = PBXBuildFile; fileRef = 1ED363E471D4ADB84AC6F434 /* Conversation.swift */; };
		04A7797B9468A0067BD6F48B /* VersionStore.swift in Sources */ = {isa = PBXBuildFile; fileRef = 5C88BF23085D41B8FD7CB091 /* VersionStore.swift */; };
		04C3A19B12BB59C190496B8E /* GlassCard.swift in Sources */ = {isa = PBXBuildFile; fileRef = FE13A4A88F8FC4B1EB6175AA /* GlassCard.swift */; };
		085D3F3793ABF77345FFB64E /* InstructionQueue.swift in Sources */ = {isa = PBXBuildFile; fileRef = 9D495F5B970E65C224FA31EF /* InstructionQueue.swift */; };
		087EAD128D71FE5CFFDF4A93 /* BranchManager.swift in Sources */ = {isa = PBXBuildFile; fileRef = 34B53019BE12FF00171F2617 /* BranchManager.swift */; };
		09713E917073EA419F415B5B /* SidebarView.swift in Sources */ = {isa = PBXBuildFile; fileRef = 8A5E545C7A18DCBD78CD63F8 /* SidebarView.swift */; };
		0A8CC7720B38279464EE32AA /* AgentTask.swift in Sources */ = {isa = PBXBuildFile; fileRef = 80005FD6FE1DD206EC5BA37E /* AgentTask.swift */; };
		0EC0C6B8AA3E2A714B0BB54B /* FileNode.swift in Sources */ = {isa = PBXBuildFile; fileRef = D43691F7C3B5FCDB1C1B6587 /* FileNode.swift */; };
		0F3FE67BB64965FF630AE60B /* PageExtractor.swift in Sources */ = {isa = PBXBuildFile; fileRef = C048555F66BE868221EB2C66 /* PageExtractor.swift */; };
		0F4A6447BFA0CDE6C4D3EA0D /* FileSystemAgent.swift in Sources */ = {isa = PBXBuildFile; fileRef = 5D6770AD74951077CAC23B6F /* FileSystemAgent.swift */; };
		11D5CACBA20523CA5E31A558 /* BrowserAgent.swift in Sources */ = {isa = PBXBuildFile; fileRef = 72D90B0C72D85F2DA2FEA797 /* BrowserAgent.swift */; };
		12DD90FB71156300B7C9A5CA /* BrowserAgentLogView.swift in Sources */ = {isa = PBXBuildFile; fileRef = A02F6D834180D8354261E64F /* BrowserAgentLogView.swift */; };
		13DACCDAEE9ABC5788EB3AE0 /* CodeEditorView.swift in Sources */ = {isa = PBXBuildFile; fileRef = 963309F7990ED4817D91BED7 /* CodeEditorView.swift */; };
		13F1A4A96F594009FC299425 /* EonCodeApp.swift in Sources */ = {isa = PBXBuildFile; fileRef = 5DD85E8C8E28B86D0FBE2215 /* EonCodeApp.swift */; };
		14BD87CF11D6F8956BE7474C /* ResultAggregator.swift in Sources */ = {isa = PBXBuildFile; fileRef = DA9EBC65C40C3AF4081A1306 /* ResultAggregator.swift */; };
		169B3AD3F3A4DFE083ABA5E7 /* PeerSyncEngine.swift in Sources */ = {isa = PBXBuildFile; fileRef = 615EDBC8561AE48AA3C21CFA /* PeerSyncEngine.swift */; };
		17052D5064073C3BB578B068 /* Memory.swift in Sources */ = {isa = PBXBuildFile; fileRef = D241DD777A9F72BBF861E70F /* Memory.swift */; };
		20238B64A497515243D778B6 /* OrchestratorAgent.swift in Sources */ = {isa = PBXBuildFile; fileRef = 7CF0364F24421DE2168634A6 /* OrchestratorAgent.swift */; };
		20B7CCFFF35B48572659195C /* SidebarView.swift in Sources */ = {isa = PBXBuildFile; fileRef = 8A5E545C7A18DCBD78CD63F8 /* SidebarView.swift */; };
		20D6BDBD7F1ED065D0F190FD /* WorkerPool.swift in Sources */ = {isa = PBXBuildFile; fileRef = DBDCBEFF3F19F76368A284DA /* WorkerPool.swift */; };
		235EF6D6279EF451BC550F3A /* Version.swift in Sources */ = {isa = PBXBuildFile; fileRef = 16656CBF10C3A9CBF2D9385F /* Version.swift */; };
		236495EF2573ADA5F7CBC5C4 /* OfflineManager.swift in Sources */ = {isa = PBXBuildFile; fileRef = 8ED51EA2FC285566F4871F8B /* OfflineManager.swift */; };
		2378A7FF7A4502AE3BC11780 /* FileNode.swift in Sources */ = {isa = PBXBuildFile; fileRef = D43691F7C3B5FCDB1C1B6587 /* FileNode.swift */; };
		23DA13CBC7A2AA5CE69A0962 /* StatusBarView.swift in Sources */ = {isa = PBXBuildFile; fileRef = 46781BE8A205970C00001900 /* StatusBarView.swift */; };
		24C113E01AEF3339B36BC7CD /* ExchangeRate.swift in Sources */ = {isa = PBXBuildFile; fileRef = A013C9961BB5AE573ADAD10F /* ExchangeRate.swift */; };
		24FE6B28102470598AF1B021 /* ConflictResolver.swift in Sources */ = {isa = PBXBuildFile; fileRef = 501AC715D4B7FF9870B64918 /* ConflictResolver.swift */; };
		25AA27E8EEB9F8F731D9FE8E /* BrowserAgentLogView.swift in Sources */ = {isa = PBXBuildFile; fileRef = A02F6D834180D8354261E64F /* BrowserAgentLogView.swift */; };
		25F868AD1058FCCB1EC89684 /* ElevenLabsClient.swift in Sources */ = {isa = PBXBuildFile; fileRef = 70ADF5FD197A8A9F6430F9E8 /* ElevenLabsClient.swift */; };
		2709778079F0471B90CA63DD /* CheckpointManager.swift in Sources */ = {isa = PBXBuildFile; fileRef = 3094F4F57C03AA967A5D1EC8 /* CheckpointManager.swift */; };
		278CB359AF59DEDD12D33268 /* LocalNetworkServer.swift in Sources */ = {isa = PBXBuildFile; fileRef = 83A8758DA28A32CFCCD6B5BC /* LocalNetworkServer.swift */; };
		285CA456E2DCA848F1ECD93E /* AgentStatusView.swift in Sources */ = {isa = PBXBuildFile; fileRef = F72E22CD57512F2C7ECD34FF /* AgentStatusView.swift */; };
		2C2BD97F60136D694F7EE1EC /* ChatConversation.swift in Sources */ = {isa = PBXBuildFile; fileRef = 557CBB414D1EB591FA27A630 /* ChatConversation.swift */; };
		2DE9C23BD3C9C988BEF07AEA /* AgentEngine.swift in Sources */ = {isa = PBXBuildFile; fileRef = 9CF8380899E52FE4DAC7E4B4 /* AgentEngine.swift */; };
		2F37100583316444A19223EA /* SearchEngine.swift in Sources */ = {isa = PBXBuildFile; fileRef = 01610C13FBC0FFECE2C3A934 /* SearchEngine.swift */; };
		30EB8345A8CB7A8423347F44 /* Project.swift in Sources */ = {isa = PBXBuildFile; fileRef = 691525523359CEF5DEF69C93 /* Project.swift */; };
		30EE21616567B8408803B0F8 /* Project.swift in Sources */ = {isa = PBXBuildFile; fileRef = 691525523359CEF5DEF69C93 /* Project.swift */; };
		34742B604842BA01F257C29C /* GlassCard.swift in Sources */ = {isa = PBXBuildFile; fileRef = FE13A4A88F8FC4B1EB6175AA /* GlassCard.swift */; };
		372FFD4213DAABB430F686DD /* DeviceStatusBroadcaster.swift in Sources */ = {isa = PBXBuildFile; fileRef = 3193CEAA6F1D88E7ED8963BC /* DeviceStatusBroadcaster.swift */; };
		3B1B8DF1C80983EDEC338C4A /* iCloudChatStore.swift in Sources */ = {isa = PBXBuildFile; fileRef = 7060D69472AA8F11A2EB6740 /* iCloudChatStore.swift */; };
		3C2C1D59063399ED85249EC4 /* WebViewContainer.swift in Sources */ = {isa = PBXBuildFile; fileRef = 6801D7E9D2643AB3F81B696C /* WebViewContainer.swift */; };
		3C837AC23DB8E68976A7B631 /* MemoryView.swift in Sources */ = {isa = PBXBuildFile; fileRef = 677901FF755D02BBD0FA608F /* MemoryView.swift */; };
		3CA14E14D3512B412CEC783A /* Extensions.swift in Sources */ = {isa = PBXBuildFile; fileRef = AFDE346C7198648761F40DBE /* Extensions.swift */; };
		3DC7C4DCADB9F09965592438 /* ProjectStore.swift in Sources */ = {isa = PBXBuildFile; fileRef = 49E99FB5E4434DF973D4A4CE /* ProjectStore.swift */; };
		3F8319BB1F221114BE5D74FF /* ResultAggregator.swift in Sources */ = {isa = PBXBuildFile; fileRef = DA9EBC65C40C3AF4081A1306 /* ResultAggregator.swift */; };
		41C1A33EB4B3621E11F356BD /* AgentPlanner.swift in Sources */ = {isa = PBXBuildFile; fileRef = 38F5FE9E1902F49B63BA6D11 /* AgentPlanner.swift */; };
		44A1BA7B48564E9223D1BF26 /* Conversation.swift in Sources */ = {isa = PBXBuildFile; fileRef = 1ED363E471D4ADB84AC6F434 /* Conversation.swift */; };
		45D20FF7FFEEFA9D3D380ED5 /* Instruction.swift in Sources */ = {isa = PBXBuildFile; fileRef = E187EA5E76423288E7288CE0 /* Instruction.swift */; };
		472BDDC6900AC4E431555944 /* PeerSyncEngine.swift in Sources */ = {isa = PBXBuildFile; fileRef = 615EDBC8561AE48AA3C21CFA /* PeerSyncEngine.swift */; };
		483E1566F9FFDD91844368BB /* ArtifactView.swift in Sources */ = {isa = PBXBuildFile; fileRef = BF4E53D96AA4DFD1C738B31E /* ArtifactView.swift */; };
		498DE66C9B1D010415879DCF /* ChatManager.swift in Sources */ = {isa = PBXBuildFile; fileRef = 278BB5754F878DD1D90E80F4 /* ChatManager.swift */; };
		4A973C40A8863DFCA5FB8989 /* ScreenshotAnalyzer.swift in Sources */ = {isa = PBXBuildFile; fileRef = 72C40275637F5ED73999023F /* ScreenshotAnalyzer.swift */; };
		4B6664A71A3FF5A72AA22CCF /* PromptQueue.swift in Sources */ = {isa = PBXBuildFile; fileRef = 1004E57355AA9AF868F6DB9E /* PromptQueue.swift */; };
		4C5FB57E859F92A2E3BC514A /* Extensions.swift in Sources */ = {isa = PBXBuildFile; fileRef = AFDE346C7198648761F40DBE /* Extensions.swift */; };
		4D23F26A061A6F41A3E579E3 /* ClaudeAPIClient.swift in Sources */ = {isa = PBXBuildFile; fileRef = CD391F7044D257A8AB14A479 /* ClaudeAPIClient.swift */; };
		4DC0DA175937AF11EEDF6D70 /* ProjectIndexer.swift in Sources */ = {isa = PBXBuildFile; fileRef = 1C1CC86DF1E016E030462513 /* ProjectIndexer.swift */; };
		53A9F80AA330B06C8B866228 /* CostCalculator.swift in Sources */ = {isa = PBXBuildFile; fileRef = 4EB04109C8F488D166A4951E /* CostCalculator.swift */; };
		54E446DA8D280FFE403F8DAB /* BrowserActionDecider.swift in Sources */ = {isa = PBXBuildFile; fileRef = 74C85D30A5C31AA90B17F391 /* BrowserActionDecider.swift */; };
		56E2D42ABA8FD88FA302A957 /* GitHubView.swift in Sources */ = {isa = PBXBuildFile; fileRef = F580FD55918B18FE602EB28A /* GitHubView.swift */; };
		5EF06F376035654A60D2E404 /* PlanView.swift in Sources */ = {isa = PBXBuildFile; fileRef = B84EC372A633EECA77608B19 /* PlanView.swift */; };
		619A5FD519A13BB9FA08CD8C /* BackgroundDaemon.swift in Sources */ = {isa = PBXBuildFile; fileRef = 49285EDBB6FC5DAD70F9E498 /* BackgroundDaemon.swift */; };
		629C5AB7F535F748776273DC /* CheckpointManager.swift in Sources */ = {isa = PBXBuildFile; fileRef = 3094F4F57C03AA967A5D1EC8 /* CheckpointManager.swift */; };
		62D902340E2A38D3F4AA5E3C /* BrowserInputView.swift in Sources */ = {isa = PBXBuildFile; fileRef = ADE758617187390D70446B37 /* BrowserInputView.swift */; };
		63C5B594B834D9A7AFB8516C /* FileTreeView.swift in Sources */ = {isa = PBXBuildFile; fileRef = 80335F767E43BB9A0F0868E2 /* FileTreeView.swift */; };
		64B03F501B00C5B2A06DF25C /* ArtifactView.swift in Sources */ = {isa = PBXBuildFile; fileRef = BF4E53D96AA4DFD1C738B31E /* ArtifactView.swift */; };
		64C048AFE87165978355FEA9 /* PureChatView.swift in Sources */ = {isa = PBXBuildFile; fileRef = B4D29D5E24907A96FA4D2E50 /* PureChatView.swift */; };
		64E95665D2FDB8159C43BEE7 /* iCloudChatStore.swift in Sources */ = {isa = PBXBuildFile; fileRef = 7060D69472AA8F11A2EB6740 /* iCloudChatStore.swift */; };
		681F30B9626F1312168F6E9B /* iCloudSyncEngine.swift in Sources */ = {isa = PBXBuildFile; fileRef = B424B53AA4EA225F69F46D4B /* iCloudSyncEngine.swift */; };
		6BA90BB7681D373367BD0BDB /* ChatView.swift in Sources */ = {isa = PBXBuildFile; fileRef = 4721732B5CEE42390841498B /* ChatView.swift */; };
		6D7B2607E4B1DD2287874FA7 /* BrowserActionDecider.swift in Sources */ = {isa = PBXBuildFile; fileRef = 74C85D30A5C31AA90B17F391 /* BrowserActionDecider.swift */; };
		6DFB9F47DAE44D8B10A0ED94 /* EonCodeApp.swift in Sources */ = {isa = PBXBuildFile; fileRef = 5DD85E8C8E28B86D0FBE2215 /* EonCodeApp.swift */; };
		717AACE4186801A5C09B83E4 /* MemoryView.swift in Sources */ = {isa = PBXBuildFile; fileRef = 677901FF755D02BBD0FA608F /* MemoryView.swift */; };
		7234B1BA0BA145D77F2B02D6 /* XcodeCrashHandler.swift in Sources */ = {isa = PBXBuildFile; fileRef = A1294EE23AF54C9F6DD82657 /* XcodeCrashHandler.swift */; };
		724257320B25449F158ECAA8 /* AgentAction+Platform.swift in Sources */ = {isa = PBXBuildFile; fileRef = CD9A47D1C7335D55233FC1B7 /* AgentAction+Platform.swift */; };
		72BDF28DEB5035749BB319B6 /* CostTracker.swift in Sources */ = {isa = PBXBuildFile; fileRef = 2A0966D6C76FE43E60AE75B1 /* CostTracker.swift */; };
		75985DA087F50BF783D4DFAE /* PureChatView.swift in Sources */ = {isa = PBXBuildFile; fileRef = B4D29D5E24907A96FA4D2E50 /* PureChatView.swift */; };
		765BD5C4C1777AC15A5930F9 /* ProjectIndexer.swift in Sources */ = {isa = PBXBuildFile; fileRef = 1C1CC86DF1E016E030462513 /* ProjectIndexer.swift */; };
		76B96DDD0A596AF80D15CE66 /* VersionStore.swift in Sources */ = {isa = PBXBuildFile; fileRef = 5C88BF23085D41B8FD7CB091 /* VersionStore.swift */; };
		76F4B20ED0AFE3B3C7B8DFB9 /* ClaudeStreamParser.swift in Sources */ = {isa = PBXBuildFile; fileRef = 8BEEBC9AC75D7A860DFA0892 /* ClaudeStreamParser.swift */; };
		7BBEAE824251A0313D75D9D9 /* ChatManager.swift in Sources */ = {isa = PBXBuildFile; fileRef = 278BB5754F878DD1D90E80F4 /* ChatManager.swift */; };
		7C7C8B51D15AB4D07D87160E /* InstructionComposer.swift in Sources */ = {isa = PBXBuildFile; fileRef = B8AB3C460E7E654A90D8C5C5 /* InstructionComposer.swift */; };
		8098CD29D2900ED44370EBFB /* DeviceStatusBroadcaster.swift in Sources */ = {isa = PBXBuildFile; fileRef = 3193CEAA6F1D88E7ED8963BC /* DeviceStatusBroadcaster.swift */; };
		81125E32A85EA3D1D78734C2 /* CostTracker.swift in Sources */ = {isa = PBXBuildFile; fileRef = 2A0966D6C76FE43E60AE75B1 /* CostTracker.swift */; };
		830621596E26F0EE0BE199F1 /* SelfHealingLoop.swift in Sources */ = {isa = PBXBuildFile; fileRef = 71B203FE0ACA3FEDE686DD1E /* SelfHealingLoop.swift */; };
		84C36626FC0243C4CFA9DE3C /* BrowserView.swift in Sources */ = {isa = PBXBuildFile; fileRef = A12E3EBAA0025EF1BEF57099 /* BrowserView.swift */; };
		853953AD301EE67F50C2FF6D /* ClaudeAPIClient.swift in Sources */ = {isa = PBXBuildFile; fileRef = CD391F7044D257A8AB14A479 /* ClaudeAPIClient.swift */; };
		85678B5C97B8E8556559A351 /* Memory.swift in Sources */ = {isa = PBXBuildFile; fileRef = D241DD777A9F72BBF861E70F /* Memory.swift */; };
		85A37589B004A4CFBDB717A6 /* ProcessManager.swift in Sources */ = {isa = PBXBuildFile; fileRef = 949C36CAD6023BBCB158465A /* ProcessManager.swift */; };
		8AAF1FFDF68BB30BBE027AE1 /* DiffEngine.swift in Sources */ = {isa = PBXBuildFile; fileRef = 0D64E244FA751DAC8FE145C6 /* DiffEngine.swift */; };
		8B2AE4944EBCA9053FB0B8EA /* ElevenLabsClient.swift in Sources */ = {isa = PBXBuildFile; fileRef = 70ADF5FD197A8A9F6430F9E8 /* ElevenLabsClient.swift */; };
		8BE63AB83B1A6352D41316CF /* SettingsView.swift in Sources */ = {isa = PBXBuildFile; fileRef = 8648EB788CF20518EEB7E602 /* SettingsView.swift */; };
		8CDAC5D9FA83D7C866401BF3 /* ConversationStore.swift in Sources */ = {isa = PBXBuildFile; fileRef = 019109255814C444BDF797CE /* ConversationStore.swift */; };
		8E2701EC2E400F941A4C5C7C /* ChatHistorySidebar.swift in Sources */ = {isa = PBXBuildFile; fileRef = 627B1FABF9D9493D198F9791 /* ChatHistorySidebar.swift */; };
		8EB08408A0D5F0E3E7F11649 /* Version.swift in Sources */ = {isa = PBXBuildFile; fileRef = 16656CBF10C3A9CBF2D9385F /* Version.swift */; };
		8FAF703AF948AE681B0C5E7D /* ExchangeRate.swift in Sources */ = {isa = PBXBuildFile; fileRef = A013C9961BB5AE573ADAD10F /* ExchangeRate.swift */; };
		901EC9D14C4953FF2C36412C /* PageExtractor.swift in Sources */ = {isa = PBXBuildFile; fileRef = C048555F66BE868221EB2C66 /* PageExtractor.swift */; };
		91438FB852934BAE52D638FF /* ChatView.swift in Sources */ = {isa = PBXBuildFile; fileRef = 4721732B5CEE42390841498B /* ChatView.swift */; };
		9210C5181F4E73FC2772BCAB /* TaskDecomposer.swift in Sources */ = {isa = PBXBuildFile; fileRef = 24D784DC152BB5C3EDFCAD2D /* TaskDecomposer.swift */; };
		92819039764516B56122D6E1 /* TerminalOutputParser.swift in Sources */ = {isa = PBXBuildFile; fileRef = 24367D3F015D776FB1F2CE28 /* TerminalOutputParser.swift */; };
		928B2964A4B7A456DF1CCEB5 /* WorkerAgent.swift in Sources */ = {isa = PBXBuildFile; fileRef = 2635823B3B873B4F46591C74 /* WorkerAgent.swift */; };
		92CE372383863338F53C6D30 /* iCloudMemoryStore.swift in Sources */ = {isa = PBXBuildFile; fileRef = 9963AD8AE5BC3E4499EA0A8E /* iCloudMemoryStore.swift */; };
		93AF3DA2C4114648D8D0D0F6 /* DownloadManager.swift in Sources */ = {isa = PBXBuildFile; fileRef = C966F877D2BEB442011CBB4E /* DownloadManager.swift */; };
		94BD128AB343FD1D6FC0381B /* StatusBarView.swift in Sources */ = {isa = PBXBuildFile; fileRef = 46781BE8A205970C00001900 /* StatusBarView.swift */; };
		94C224A6F179C4694733B241 /* TaskDecomposer.swift in Sources */ = {isa = PBXBuildFile; fileRef = 24D784DC152BB5C3EDFCAD2D /* TaskDecomposer.swift */; };
		95981503AAC8D399D5FD898A /* WebViewContainer.swift in Sources */ = {isa = PBXBuildFile; fileRef = 6801D7E9D2643AB3F81B696C /* WebViewContainer.swift */; };
		9685EEBE92CD0FCE10ECB5DD /* Artifact.swift in Sources */ = {isa = PBXBuildFile; fileRef = 50C4C11F30746F38FBABE6ED /* Artifact.swift */; };
		979B84A378980EEDBB45EEC7 /* LocalNetworkServer.swift in Sources */ = {isa = PBXBuildFile; fileRef = 83A8758DA28A32CFCCD6B5BC /* LocalNetworkServer.swift */; };
		97C619E439000E5672E338C1 /* Constants.swift in Sources */ = {isa = PBXBuildFile; fileRef = 2A19BBD23E8B453FBAAC9D46 /* Constants.swift */; };
		9B3D5338E73DDD4CD107CF20 /* iCloudMemoryStore.swift in Sources */ = {isa = PBXBuildFile; fileRef = 9963AD8AE5BC3E4499EA0A8E /* iCloudMemoryStore.swift */; };
		9BB01A27E843E5BF94312C87 /* iCloudSyncEngine.swift in Sources */ = {isa = PBXBuildFile; fileRef = B424B53AA4EA225F69F46D4B /* iCloudSyncEngine.swift */; };
		9CBF52DCAC1F0375880CA1A0 /* GitHubManager.swift in Sources */ = {isa = PBXBuildFile; fileRef = 39522763C990C7CC34583FF9 /* GitHubManager.swift */; };
		9D09142BC4D4B9B9F87DA9BE /* KeychainManager.swift in Sources */ = {isa = PBXBuildFile; fileRef = CB753ABAC44620F82E22AB49 /* KeychainManager.swift */; };
		9E7318A6A2009357006330A0 /* SelfHealingLoop.swift in Sources */ = {isa = PBXBuildFile; fileRef = 71B203FE0ACA3FEDE686DD1E /* SelfHealingLoop.swift */; };
		9FA2117E41A9887C5BD6FEE6 /* ContentView.swift in Sources */ = {isa = PBXBuildFile; fileRef = D98FE702A528A629AF07AD17 /* ContentView.swift */; };
		A10B9893E43978C9959E87D1 /* BrowserView.swift in Sources */ = {isa = PBXBuildFile; fileRef = A12E3EBAA0025EF1BEF57099 /* BrowserView.swift */; };
		A14FF20D5D2DC96BBDA3724C /* AgentPool.swift in Sources */ = {isa = PBXBuildFile; fileRef = 2093D028C86CE19931CDE91C /* AgentPool.swift */; };
		A40F2628361D577C4F30DF24 /* ScreenshotAnalyzer.swift in Sources */ = {isa = PBXBuildFile; fileRef = 72C40275637F5ED73999023F /* ScreenshotAnalyzer.swift */; };
		A82F306F61AA12A39E12BB8E /* MarkdownPreview.swift in Sources */ = {isa = PBXBuildFile; fileRef = AAD626B7BE3CBB233C550B0E /* MarkdownPreview.swift */; };
		AA6428EA0847EE17D14F725B /* Constants.swift in Sources */ = {isa = PBXBuildFile; fileRef = 2A19BBD23E8B453FBAAC9D46 /* Constants.swift */; };
		AA7DB1B7C5EDFED13E074CC5 /* KeychainManager.swift in Sources */ = {isa = PBXBuildFile; fileRef = CB753ABAC44620F82E22AB49 /* KeychainManager.swift */; };
		ABCF9D40738F1D2B35943889 /* TerminalExecutor.swift in Sources */ = {isa = PBXBuildFile; fileRef = 1F09B5EEF413CA9CA3C456C7 /* TerminalExecutor.swift */; };
		AD69236D6CA0B6E29F5A13A2 /* BrowserInputView.swift in Sources */ = {isa = PBXBuildFile; fileRef = ADE758617187390D70446B37 /* BrowserInputView.swift */; };
		AEA8AAA80179A22D65B20C08 /* AgentTask.swift in Sources */ = {isa = PBXBuildFile; fileRef = 80005FD6FE1DD206EC5BA37E /* AgentTask.swift */; };
		B0B974D411F0A578793F1FF3 /* PlanManager.swift in Sources */ = {isa = PBXBuildFile; fileRef = C99F803DC6773BE0ECF1EAC1 /* PlanManager.swift */; };
		B15B3A32E66BC68C14A9B15F /* SettingsView.swift in Sources */ = {isa = PBXBuildFile; fileRef = 8648EB788CF20518EEB7E602 /* SettingsView.swift */; };
		B340D719BB48F691B0FD2B52 /* SearchEngine.swift in Sources */ = {isa = PBXBuildFile; fileRef = 01610C13FBC0FFECE2C3A934 /* SearchEngine.swift */; };
		B5609C6177F9E98EED4DA45B /* ContentView.swift in Sources */ = {isa = PBXBuildFile; fileRef = D98FE702A528A629AF07AD17 /* ContentView.swift */; };
		B592C88FA74F2FF52D310BA0 /* CodeEditorView.swift in Sources */ = {isa = PBXBuildFile; fileRef = 963309F7990ED4817D91BED7 /* CodeEditorView.swift */; };
		B604F2EBB12B2614C97E1E69 /* AgentPool.swift in Sources */ = {isa = PBXBuildFile; fileRef = 2093D028C86CE19931CDE91C /* AgentPool.swift */; };
		B67DBD9F8F6E5A51002F3756 /* ToolExecutor.swift in Sources */ = {isa = PBXBuildFile; fileRef = 17CFC5F63C45D7D5DC18E0E0 /* ToolExecutor.swift */; };
		B74F587A94D0492518979E06 /* ProjectStore.swift in Sources */ = {isa = PBXBuildFile; fileRef = 49E99FB5E4434DF973D4A4CE /* ProjectStore.swift */; };
		B9BD2C6AAEFECD73885BA8FD /* MemoryManager.swift in Sources */ = {isa = PBXBuildFile; fileRef = 22D956491ACDEAE798495103 /* MemoryManager.swift */; };
		BAA1C1C1C12E227084A0E561 /* OrchestratorAgent.swift in Sources */ = {isa = PBXBuildFile; fileRef = 7CF0364F24421DE2168634A6 /* OrchestratorAgent.swift */; };
		BEA715E4F1333F842BAB840B /* XcodeBuildManager.swift in Sources */ = {isa = PBXBuildFile; fileRef = 57F95CF5A7FBA255C63DB1ED /* XcodeBuildManager.swift */; };
		BF74DF5AA520FE7E2CACEC61 /* InstructionQueue.swift in Sources */ = {isa = PBXBuildFile; fileRef = 9D495F5B970E65C224FA31EF /* InstructionQueue.swift */; };
		C274B3CDBF8F0AEF7809A984 /* KeychainSync.swift in Sources */ = {isa = PBXBuildFile; fileRef = E7B6EF92D5310FB3EDB888C6 /* KeychainSync.swift */; };
		C3575023D77C6C2D0BE27C55 /* ConversationStore.swift in Sources */ = {isa = PBXBuildFile; fileRef = 019109255814C444BDF797CE /* ConversationStore.swift */; };
		C7729DBA44D8A50E74946C07 /* PlanManager.swift in Sources */ = {isa = PBXBuildFile; fileRef = C99F803DC6773BE0ECF1EAC1 /* PlanManager.swift */; };
		C91C38B7D2CC57AAD6232EF8 /* CostCalculator.swift in Sources */ = {isa = PBXBuildFile; fileRef = 4EB04109C8F488D166A4951E /* CostCalculator.swift */; };
		C96FE90A4753596C470B8CCA /* PlanView.swift in Sources */ = {isa = PBXBuildFile; fileRef = B84EC372A633EECA77608B19 /* PlanView.swift */; };
		CC078EE06D8F3B305C456B6E /* AgentAction+Platform.swift in Sources */ = {isa = PBXBuildFile; fileRef = CD9A47D1C7335D55233FC1B7 /* AgentAction+Platform.swift */; };
		CD87689C7D966735F97C72DE /* Artifact.swift in Sources */ = {isa = PBXBuildFile; fileRef = 50C4C11F30746F38FBABE6ED /* Artifact.swift */; };
		CF3681F29DC5839F7D6D361E /* BranchManager.swift in Sources */ = {isa = PBXBuildFile; fileRef = 34B53019BE12FF00171F2617 /* BranchManager.swift */; };
		CFB6FE8AE7C20B1AE28A7C1F /* HybridTaskRunner.swift in Sources */ = {isa = PBXBuildFile; fileRef = AAB0003074B130714B472D6F /* HybridTaskRunner.swift */; };
		D2835A3443BBBA92F57F22E9 /* PromptQueue.swift in Sources */ = {isa = PBXBuildFile; fileRef = 1004E57355AA9AF868F6DB9E /* PromptQueue.swift */; };
		D573DC4F21EC29054310851F /* GitHubManager.swift in Sources */ = {isa = PBXBuildFile; fileRef = 39522763C990C7CC34583FF9 /* GitHubManager.swift */; };
		D5D3B6380DE3D2DA0F60ABB9 /* AgentPlanner.swift in Sources */ = {isa = PBXBuildFile; fileRef = 38F5FE9E1902F49B63BA6D11 /* AgentPlanner.swift */; };
		D63B4F0216B866657E6DDCBE /* AgentEngine.swift in Sources */ = {isa = PBXBuildFile; fileRef = 9CF8380899E52FE4DAC7E4B4 /* AgentEngine.swift */; };
		D6F579C545D3CDA7FB2A5841 /* AgentStatusView.swift in Sources */ = {isa = PBXBuildFile; fileRef = F72E22CD57512F2C7ECD34FF /* AgentStatusView.swift */; };
		D8CA6AFF5923ABBA76970FB7 /* ConflictResolver.swift in Sources */ = {isa = PBXBuildFile; fileRef = 501AC715D4B7FF9870B64918 /* ConflictResolver.swift */; };
		D9A406CCEC572756BAF16E7A /* BrowserAgent.swift in Sources */ = {isa = PBXBuildFile; fileRef = 72D90B0C72D85F2DA2FEA797 /* BrowserAgent.swift */; };
		DFD9EA4D72CB7B25E04E0276 /* ClaudeStreamParser.swift in Sources */ = {isa = PBXBuildFile; fileRef = 8BEEBC9AC75D7A860DFA0892 /* ClaudeStreamParser.swift */; };
		E0A2ABF7B719A23180128969 /* MemoryManager.swift in Sources */ = {isa = PBXBuildFile; fileRef = 22D956491ACDEAE798495103 /* MemoryManager.swift */; };
		E3699A8D70295BB6A5CC04BD /* ToolExecutor.swift in Sources */ = {isa = PBXBuildFile; fileRef = 17CFC5F63C45D7D5DC18E0E0 /* ToolExecutor.swift */; };
		E5613E96881A5B28B69487B8 /* LocalAgentEngine.swift in Sources */ = {isa = PBXBuildFile; fileRef = BF5999F0B7EC623F10D90CAC /* LocalAgentEngine.swift */; };
		E6B3CE50F2781399C25EAB6B /* WorkerAgent.swift in Sources */ = {isa = PBXBuildFile; fileRef = 2635823B3B873B4F46591C74 /* WorkerAgent.swift */; };
		F22BBC68C1339ED3172B58DB /* FileTreeView.swift in Sources */ = {isa = PBXBuildFile; fileRef = 80335F767E43BB9A0F0868E2 /* FileTreeView.swift */; };
		F79C67FD474D982F7D961FF2 /* KeychainSync.swift in Sources */ = {isa = PBXBuildFile; fileRef = E7B6EF92D5310FB3EDB888C6 /* KeychainSync.swift */; };
		FACC89A8F179EC79956CE771 /* MarkdownPreview.swift in Sources */ = {isa = PBXBuildFile; fileRef = AAD626B7BE3CBB233C550B0E /* MarkdownPreview.swift */; };
		FBC4092B4182C407D0DFADC5 /* ChatConversation.swift in Sources */ = {isa = PBXBuildFile; fileRef = 557CBB414D1EB591FA27A630 /* ChatConversation.swift */; };
		FD6465BB8EA6CA55F8919EE7 /* GitHubView.swift in Sources */ = {isa = PBXBuildFile; fileRef = F580FD55918B18FE602EB28A /* GitHubView.swift */; };
		FDF1FD47805310B7EBD5E699 /* Instruction.swift in Sources */ = {isa = PBXBuildFile; fileRef = E187EA5E76423288E7288CE0 /* Instruction.swift */; };
		FE6FC763DE5BDD9DAB2413EA /* DiffEngine.swift in Sources */ = {isa = PBXBuildFile; fileRef = 0D64E244FA751DAC8FE145C6 /* DiffEngine.swift */; };
/* End PBXBuildFile section */

/* Begin PBXFileReference section */
		01610C13FBC0FFECE2C3A934 /* SearchEngine.swift */ = {isa = PBXFileReference; lastKnownFileType = sourcecode.swift; path = SearchEngine.swift; sourceTree = "<group>"; };
		019109255814C444BDF797CE /* ConversationStore.swift */ = {isa = PBXFileReference; lastKnownFileType = sourcecode.swift; path = ConversationStore.swift; sourceTree = "<group>"; };
		07A60C57A9B8EA0493FCBDB2 /* EonCode-iOS.entitlements */ = {isa = PBXFileReference; lastKnownFileType = text.plist.entitlements; path = "EonCode-iOS.entitlements"; sourceTree = "<group>"; };
		0D64E244FA751DAC8FE145C6 /* DiffEngine.swift */ = {isa = PBXFileReference; lastKnownFileType = sourcecode.swift; path = DiffEngine.swift; sourceTree = "<group>"; };
		1004E57355AA9AF868F6DB9E /* PromptQueue.swift */ = {isa = PBXFileReference; lastKnownFileType = sourcecode.swift; path = PromptQueue.swift; sourceTree = "<group>"; };
		16656CBF10C3A9CBF2D9385F /* Version.swift */ = {isa = PBXFileReference; lastKnownFileType = sourcecode.swift; path = Version.swift; sourceTree = "<group>"; };
		17CFC5F63C45D7D5DC18E0E0 /* ToolExecutor.swift */ = {isa = PBXFileReference; lastKnownFileType = sourcecode.swift; path = ToolExecutor.swift; sourceTree = "<group>"; };
		1C1CC86DF1E016E030462513 /* ProjectIndexer.swift */ = {isa = PBXFileReference; lastKnownFileType = sourcecode.swift; path = ProjectIndexer.swift; sourceTree = "<group>"; };
		1ED363E471D4ADB84AC6F434 /* Conversation.swift */ = {isa = PBXFileReference; lastKnownFileType = sourcecode.swift; path = Conversation.swift; sourceTree = "<group>"; };
		1F09B5EEF413CA9CA3C456C7 /* TerminalExecutor.swift */ = {isa = PBXFileReference; lastKnownFileType = sourcecode.swift; path = TerminalExecutor.swift; sourceTree = "<group>"; };
		1FB3695E0C27E391483B166E /* Info.plist */ = {isa = PBXFileReference; lastKnownFileType = text.plist; path = Info.plist; sourceTree = "<group>"; };
		2093D028C86CE19931CDE91C /* AgentPool.swift */ = {isa = PBXFileReference; lastKnownFileType = sourcecode.swift; path = AgentPool.swift; sourceTree = "<group>"; };
		22D956491ACDEAE798495103 /* MemoryManager.swift */ = {isa = PBXFileReference; lastKnownFileType = sourcecode.swift; path = MemoryManager.swift; sourceTree = "<group>"; };
		24367D3F015D776FB1F2CE28 /* TerminalOutputParser.swift */ = {isa = PBXFileReference; lastKnownFileType = sourcecode.swift; path = TerminalOutputParser.swift; sourceTree = "<group>"; };
		24D784DC152BB5C3EDFCAD2D /* TaskDecomposer.swift */ = {isa = PBXFileReference; lastKnownFileType = sourcecode.swift; path = TaskDecomposer.swift; sourceTree = "<group>"; };
		2635823B3B873B4F46591C74 /* WorkerAgent.swift */ = {isa = PBXFileReference; lastKnownFileType = sourcecode.swift; path = WorkerAgent.swift; sourceTree = "<group>"; };
		278BB5754F878DD1D90E80F4 /* ChatManager.swift */ = {isa = PBXFileReference; lastKnownFileType = sourcecode.swift; path = ChatManager.swift; sourceTree = "<group>"; };
		2A0966D6C76FE43E60AE75B1 /* CostTracker.swift */ = {isa = PBXFileReference; lastKnownFileType = sourcecode.swift; path = CostTracker.swift; sourceTree = "<group>"; };
		2A19BBD23E8B453FBAAC9D46 /* Constants.swift */ = {isa = PBXFileReference; lastKnownFileType = sourcecode.swift; path = Constants.swift; sourceTree = "<group>"; };
		3094F4F57C03AA967A5D1EC8 /* CheckpointManager.swift */ = {isa = PBXFileReference; lastKnownFileType = sourcecode.swift; path = CheckpointManager.swift; sourceTree = "<group>"; };
		3193CEAA6F1D88E7ED8963BC /* DeviceStatusBroadcaster.swift */ = {isa = PBXFileReference; lastKnownFileType = sourcecode.swift; path = DeviceStatusBroadcaster.swift; sourceTree = "<group>"; };
		34B53019BE12FF00171F2617 /* BranchManager.swift */ = {isa = PBXFileReference; lastKnownFileType = sourcecode.swift; path = BranchManager.swift; sourceTree = "<group>"; };
		38F5FE9E1902F49B63BA6D11 /* AgentPlanner.swift */ = {isa = PBXFileReference; lastKnownFileType = sourcecode.swift; path = AgentPlanner.swift; sourceTree = "<group>"; };
		39522763C990C7CC34583FF9 /* GitHubManager.swift */ = {isa = PBXFileReference; lastKnownFileType = sourcecode.swift; path = GitHubManager.swift; sourceTree = "<group>"; };
		3E94C8BC72057A0FBD6E3DF3 /* Info.plist */ = {isa = PBXFileReference; lastKnownFileType = text.plist; path = Info.plist; sourceTree = "<group>"; };
		46038F4315BDE594AC7BD1DE /* EonCode-iOS.app */ = {isa = PBXFileReference; explicitFileType = wrapper.application; includeInIndex = 0; path = "EonCode-iOS.app"; sourceTree = BUILT_PRODUCTS_DIR; };
		46781BE8A205970C00001900 /* StatusBarView.swift */ = {isa = PBXFileReference; lastKnownFileType = sourcecode.swift; path = StatusBarView.swift; sourceTree = "<group>"; };
		4721732B5CEE42390841498B /* ChatView.swift */ = {isa = PBXFileReference; lastKnownFileType = sourcecode.swift; path = ChatView.swift; sourceTree = "<group>"; };
		49285EDBB6FC5DAD70F9E498 /* BackgroundDaemon.swift */ = {isa = PBXFileReference; lastKnownFileType = sourcecode.swift; path = BackgroundDaemon.swift; sourceTree = "<group>"; };
		49E99FB5E4434DF973D4A4CE /* ProjectStore.swift */ = {isa = PBXFileReference; lastKnownFileType = sourcecode.swift; path = ProjectStore.swift; sourceTree = "<group>"; };
		4EB04109C8F488D166A4951E /* CostCalculator.swift */ = {isa = PBXFileReference; lastKnownFileType = sourcecode.swift; path = CostCalculator.swift; sourceTree = "<group>"; };
		501AC715D4B7FF9870B64918 /* ConflictResolver.swift */ = {isa = PBXFileReference; lastKnownFileType = sourcecode.swift; path = ConflictResolver.swift; sourceTree = "<group>"; };
		50C4C11F30746F38FBABE6ED /* Artifact.swift */ = {isa = PBXFileReference; lastKnownFileType = sourcecode.swift; path = Artifact.swift; sourceTree = "<group>"; };
		557CBB414D1EB591FA27A630 /* ChatConversation.swift */ = {isa = PBXFileReference; lastKnownFileType = sourcecode.swift; path = ChatConversation.swift; sourceTree = "<group>"; };
		57F95CF5A7FBA255C63DB1ED /* XcodeBuildManager.swift */ = {isa = PBXFileReference; lastKnownFileType = sourcecode.swift; path = XcodeBuildManager.swift; sourceTree = "<group>"; };
		5C88BF23085D41B8FD7CB091 /* VersionStore.swift */ = {isa = PBXFileReference; lastKnownFileType = sourcecode.swift; path = VersionStore.swift; sourceTree = "<group>"; };
		5D6770AD74951077CAC23B6F /* FileSystemAgent.swift */ = {isa = PBXFileReference; lastKnownFileType = sourcecode.swift; path = FileSystemAgent.swift; sourceTree = "<group>"; };
		5DD85E8C8E28B86D0FBE2215 /* EonCodeApp.swift */ = {isa = PBXFileReference; lastKnownFileType = sourcecode.swift; path = EonCodeApp.swift; sourceTree = "<group>"; };
		615EDBC8561AE48AA3C21CFA /* PeerSyncEngine.swift */ = {isa = PBXFileReference; lastKnownFileType = sourcecode.swift; path = PeerSyncEngine.swift; sourceTree = "<group>"; };
		627B1FABF9D9493D198F9791 /* ChatHistorySidebar.swift */ = {isa = PBXFileReference; lastKnownFileType = sourcecode.swift; path = ChatHistorySidebar.swift; sourceTree = "<group>"; };
		677901FF755D02BBD0FA608F /* MemoryView.swift */ = {isa = PBXFileReference; lastKnownFileType = sourcecode.swift; path = MemoryView.swift; sourceTree = "<group>"; };
		6801D7E9D2643AB3F81B696C /* WebViewContainer.swift */ = {isa = PBXFileReference; lastKnownFileType = sourcecode.swift; path = WebViewContainer.swift; sourceTree = "<group>"; };
		691525523359CEF5DEF69C93 /* Project.swift */ = {isa = PBXFileReference; lastKnownFileType = sourcecode.swift; path = Project.swift; sourceTree = "<group>"; };
		7060D69472AA8F11A2EB6740 /* iCloudChatStore.swift */ = {isa = PBXFileReference; lastKnownFileType = sourcecode.swift; path = iCloudChatStore.swift; sourceTree = "<group>"; };
		70ADF5FD197A8A9F6430F9E8 /* ElevenLabsClient.swift */ = {isa = PBXFileReference; lastKnownFileType = sourcecode.swift; path = ElevenLabsClient.swift; sourceTree = "<group>"; };
		71B203FE0ACA3FEDE686DD1E /* SelfHealingLoop.swift */ = {isa = PBXFileReference; lastKnownFileType = sourcecode.swift; path = SelfHealingLoop.swift; sourceTree = "<group>"; };
		72C40275637F5ED73999023F /* ScreenshotAnalyzer.swift */ = {isa = PBXFileReference; lastKnownFileType = sourcecode.swift; path = ScreenshotAnalyzer.swift; sourceTree = "<group>"; };
		72D90B0C72D85F2DA2FEA797 /* BrowserAgent.swift */ = {isa = PBXFileReference; lastKnownFileType = sourcecode.swift; path = BrowserAgent.swift; sourceTree = "<group>"; };
		74C85D30A5C31AA90B17F391 /* BrowserActionDecider.swift */ = {isa = PBXFileReference; lastKnownFileType = sourcecode.swift; path = BrowserActionDecider.swift; sourceTree = "<group>"; };
		7CF0364F24421DE2168634A6 /* OrchestratorAgent.swift */ = {isa = PBXFileReference; lastKnownFileType = sourcecode.swift; path = OrchestratorAgent.swift; sourceTree = "<group>"; };
		80005FD6FE1DD206EC5BA37E /* AgentTask.swift */ = {isa = PBXFileReference; lastKnownFileType = sourcecode.swift; path = AgentTask.swift; sourceTree = "<group>"; };
		80335F767E43BB9A0F0868E2 /* FileTreeView.swift */ = {isa = PBXFileReference; lastKnownFileType = sourcecode.swift; path = FileTreeView.swift; sourceTree = "<group>"; };
		83A8758DA28A32CFCCD6B5BC /* LocalNetworkServer.swift */ = {isa = PBXFileReference; lastKnownFileType = sourcecode.swift; path = LocalNetworkServer.swift; sourceTree = "<group>"; };
		8648EB788CF20518EEB7E602 /* SettingsView.swift */ = {isa = PBXFileReference; lastKnownFileType = sourcecode.swift; path = SettingsView.swift; sourceTree = "<group>"; };
		8A5E545C7A18DCBD78CD63F8 /* SidebarView.swift */ = {isa = PBXFileReference; lastKnownFileType = sourcecode.swift; path = SidebarView.swift; sourceTree = "<group>"; };
		8BEEBC9AC75D7A860DFA0892 /* ClaudeStreamParser.swift */ = {isa = PBXFileReference; lastKnownFileType = sourcecode.swift; path = ClaudeStreamParser.swift; sourceTree = "<group>"; };
		8ED51EA2FC285566F4871F8B /* OfflineManager.swift */ = {isa = PBXFileReference; lastKnownFileType = sourcecode.swift; path = OfflineManager.swift; sourceTree = "<group>"; };
		949C36CAD6023BBCB158465A /* ProcessManager.swift */ = {isa = PBXFileReference; lastKnownFileType = sourcecode.swift; path = ProcessManager.swift; sourceTree = "<group>"; };
		963309F7990ED4817D91BED7 /* CodeEditorView.swift */ = {isa = PBXFileReference; lastKnownFileType = sourcecode.swift; path = CodeEditorView.swift; sourceTree = "<group>"; };
		9963AD8AE5BC3E4499EA0A8E /* iCloudMemoryStore.swift */ = {isa = PBXFileReference; lastKnownFileType = sourcecode.swift; path = iCloudMemoryStore.swift; sourceTree = "<group>"; };
		9CF8380899E52FE4DAC7E4B4 /* AgentEngine.swift */ = {isa = PBXFileReference; lastKnownFileType = sourcecode.swift; path = AgentEngine.swift; sourceTree = "<group>"; };
		9D495F5B970E65C224FA31EF /* InstructionQueue.swift */ = {isa = PBXFileReference; lastKnownFileType = sourcecode.swift; path = InstructionQueue.swift; sourceTree = "<group>"; };
		A013C9961BB5AE573ADAD10F /* ExchangeRate.swift */ = {isa = PBXFileReference; lastKnownFileType = sourcecode.swift; path = ExchangeRate.swift; sourceTree = "<group>"; };
		A02F6D834180D8354261E64F /* BrowserAgentLogView.swift */ = {isa = PBXFileReference; lastKnownFileType = sourcecode.swift; path = BrowserAgentLogView.swift; sourceTree = "<group>"; };
		A1294EE23AF54C9F6DD82657 /* XcodeCrashHandler.swift */ = {isa = PBXFileReference; lastKnownFileType = sourcecode.swift; path = XcodeCrashHandler.swift; sourceTree = "<group>"; };
		A12E3EBAA0025EF1BEF57099 /* BrowserView.swift */ = {isa = PBXFileReference; lastKnownFileType = sourcecode.swift; path = BrowserView.swift; sourceTree = "<group>"; };
		AAB0003074B130714B472D6F /* HybridTaskRunner.swift */ = {isa = PBXFileReference; lastKnownFileType = sourcecode.swift; path = HybridTaskRunner.swift; sourceTree = "<group>"; };
		AAD626B7BE3CBB233C550B0E /* MarkdownPreview.swift */ = {isa = PBXFileReference; lastKnownFileType = sourcecode.swift; path = MarkdownPreview.swift; sourceTree = "<group>"; };
		ADE758617187390D70446B37 /* BrowserInputView.swift */ = {isa = PBXFileReference; lastKnownFileType = sourcecode.swift; path = BrowserInputView.swift; sourceTree = "<group>"; };
		AE8AB4FD49D2A938831DA5E1 /* EonCode-macOS.app */ = {isa = PBXFileReference; explicitFileType = wrapper.application; includeInIndex = 0; path = "EonCode-macOS.app"; sourceTree = BUILT_PRODUCTS_DIR; };
		AFDE346C7198648761F40DBE /* Extensions.swift */ = {isa = PBXFileReference; lastKnownFileType = sourcecode.swift; path = Extensions.swift; sourceTree = "<group>"; };
		B424B53AA4EA225F69F46D4B /* iCloudSyncEngine.swift */ = {isa = PBXFileReference; lastKnownFileType = sourcecode.swift; path = iCloudSyncEngine.swift; sourceTree = "<group>"; };
		B4D29D5E24907A96FA4D2E50 /* PureChatView.swift */ = {isa = PBXFileReference; lastKnownFileType = sourcecode.swift; path = PureChatView.swift; sourceTree = "<group>"; };
		B84EC372A633EECA77608B19 /* PlanView.swift */ = {isa = PBXFileReference; lastKnownFileType = sourcecode.swift; path = PlanView.swift; sourceTree = "<group>"; };
		B8AB3C460E7E654A90D8C5C5 /* InstructionComposer.swift */ = {isa = PBXFileReference; lastKnownFileType = sourcecode.swift; path = InstructionComposer.swift; sourceTree = "<group>"; };
		BF4E53D96AA4DFD1C738B31E /* ArtifactView.swift */ = {isa = PBXFileReference; lastKnownFileType = sourcecode.swift; path = ArtifactView.swift; sourceTree = "<group>"; };
		BF5999F0B7EC623F10D90CAC /* LocalAgentEngine.swift */ = {isa = PBXFileReference; lastKnownFileType = sourcecode.swift; path = LocalAgentEngine.swift; sourceTree = "<group>"; };
		C048555F66BE868221EB2C66 /* PageExtractor.swift */ = {isa = PBXFileReference; lastKnownFileType = sourcecode.swift; path = PageExtractor.swift; sourceTree = "<group>"; };
		C966F877D2BEB442011CBB4E /* DownloadManager.swift */ = {isa = PBXFileReference; lastKnownFileType = sourcecode.swift; path = DownloadManager.swift; sourceTree = "<group>"; };
		C99F803DC6773BE0ECF1EAC1 /* PlanManager.swift */ = {isa = PBXFileReference; lastKnownFileType = sourcecode.swift; path = PlanManager.swift; sourceTree = "<group>"; };
		CB753ABAC44620F82E22AB49 /* KeychainManager.swift */ = {isa = PBXFileReference; lastKnownFileType = sourcecode.swift; path = KeychainManager.swift; sourceTree = "<group>"; };
		CD391F7044D257A8AB14A479 /* ClaudeAPIClient.swift */ = {isa = PBXFileReference; lastKnownFileType = sourcecode.swift; path = ClaudeAPIClient.swift; sourceTree = "<group>"; };
		CD9A47D1C7335D55233FC1B7 /* AgentAction+Platform.swift */ = {isa = PBXFileReference; lastKnownFileType = sourcecode.swift; path = "AgentAction+Platform.swift"; sourceTree = "<group>"; };
		D241DD777A9F72BBF861E70F /* Memory.swift */ = {isa = PBXFileReference; lastKnownFileType = sourcecode.swift; path = Memory.swift; sourceTree = "<group>"; };
		D43691F7C3B5FCDB1C1B6587 /* FileNode.swift */ = {isa = PBXFileReference; lastKnownFileType = sourcecode.swift; path = FileNode.swift; sourceTree = "<group>"; };
		D98FE702A528A629AF07AD17 /* ContentView.swift */ = {isa = PBXFileReference; lastKnownFileType = sourcecode.swift; path = ContentView.swift; sourceTree = "<group>"; };
		DA9EBC65C40C3AF4081A1306 /* ResultAggregator.swift */ = {isa = PBXFileReference; lastKnownFileType = sourcecode.swift; path = ResultAggregator.swift; sourceTree = "<group>"; };
		DBDCBEFF3F19F76368A284DA /* WorkerPool.swift */ = {isa = PBXFileReference; lastKnownFileType = sourcecode.swift; path = WorkerPool.swift; sourceTree = "<group>"; };
		E187EA5E76423288E7288CE0 /* Instruction.swift */ = {isa = PBXFileReference; lastKnownFileType = sourcecode.swift; path = Instruction.swift; sourceTree = "<group>"; };
		E722EC391DEFD3E7062C89AE /* EonCode-macOS.entitlements */ = {isa = PBXFileReference; lastKnownFileType = text.plist.entitlements; path = "EonCode-macOS.entitlements"; sourceTree = "<group>"; };
		E7B6EF92D5310FB3EDB888C6 /* KeychainSync.swift */ = {isa = PBXFileReference; lastKnownFileType = sourcecode.swift; path = KeychainSync.swift; sourceTree = "<group>"; };
		F580FD55918B18FE602EB28A /* GitHubView.swift */ = {isa = PBXFileReference; lastKnownFileType = sourcecode.swift; path = GitHubView.swift; sourceTree = "<group>"; };
		F72E22CD57512F2C7ECD34FF /* AgentStatusView.swift */ = {isa = PBXFileReference; lastKnownFileType = sourcecode.swift; path = AgentStatusView.swift; sourceTree = "<group>"; };
		FE13A4A88F8FC4B1EB6175AA /* GlassCard.swift */ = {isa = PBXFileReference; lastKnownFileType = sourcecode.swift; path = GlassCard.swift; sourceTree = "<group>"; };
/* End PBXFileReference section */

/* Begin PBXGroup section */
		04FFDAF1410F88979ED3E2A6 /* ClaudeAPI */ = {
			isa = PBXGroup;
			children = (
				CD391F7044D257A8AB14A479 /* ClaudeAPIClient.swift */,
				8BEEBC9AC75D7A860DFA0892 /* ClaudeStreamParser.swift */,
				4EB04109C8F488D166A4951E /* CostCalculator.swift */,
				2A0966D6C76FE43E60AE75B1 /* CostTracker.swift */,
			);
			path = ClaudeAPI;
			sourceTree = "<group>";
		};
		0C33AA9013D3AB327A2D6F26 /* GitHub */ = {
			isa = PBXGroup;
			children = (
				F580FD55918B18FE602EB28A /* GitHubView.swift */,
			);
			path = GitHub;
			sourceTree = "<group>";
		};
		1681CA7B50CCC5417C77A45A /* GitHub */ = {
			isa = PBXGroup;
			children = (
				39522763C990C7CC34583FF9 /* GitHubManager.swift */,
			);
			path = GitHub;
			sourceTree = "<group>";
		};
		1DAFE4F1B3BC757074660AE8 /* Shared */ = {
			isa = PBXGroup;
			children = (
				5DD85E8C8E28B86D0FBE2215 /* EonCodeApp.swift */,
				A33DC01DD76A0D66B3267794 /* Models */,
				CE4A55148D857F53AE724D64 /* Services */,
				2A3833E8A70C8F526570D166 /* Utilities */,
				B9229B76C536B9E45574859D /* Views */,
			);
			path = Shared;
			sourceTree = "<group>";
		};
		27D0A43DB62855116B6ECCFC = {
			isa = PBXGroup;
			children = (
				AE6F48E37372E65305CAE184 /* EonCode */,
				804DE6C32078EDF1A04D3C5C /* Products */,
			);
			sourceTree = "<group>";
		};
		2A3833E8A70C8F526570D166 /* Utilities */ = {
			isa = PBXGroup;
			children = (
				2A19BBD23E8B453FBAAC9D46 /* Constants.swift */,
				A013C9961BB5AE573ADAD10F /* ExchangeRate.swift */,
				AFDE346C7198648761F40DBE /* Extensions.swift */,
			);
			path = Utilities;
			sourceTree = "<group>";
		};
		2D9C7906975F25A0C7591169 /* macOS */ = {
			isa = PBXGroup;
			children = (
				E722EC391DEFD3E7062C89AE /* EonCode-macOS.entitlements */,
				3E94C8BC72057A0FBD6E3DF3 /* Info.plist */,
				A963EBACBB0735F9348B5708 /* Background */,
				A546E78840B8C9B68200DA43 /* FileSystem */,
				DC3E282990E68BB244F0E3DA /* Terminal */,
				2E5C0987D237DA72E2A814AB /* Xcode */,
			);
			path = macOS;
			sourceTree = "<group>";
		};
		2E5C0987D237DA72E2A814AB /* Xcode */ = {
			isa = PBXGroup;
			children = (
				57F95CF5A7FBA255C63DB1ED /* XcodeBuildManager.swift */,
				A1294EE23AF54C9F6DD82657 /* XcodeCrashHandler.swift */,
			);
			path = Xcode;
			sourceTree = "<group>";
		};
		502CB357C1A757D621D3E5B3 /* iOS */ = {
			isa = PBXGroup;
			children = (
				627B1FABF9D9493D198F9791 /* ChatHistorySidebar.swift */,
				07A60C57A9B8EA0493FCBDB2 /* EonCode-iOS.entitlements */,
				AAB0003074B130714B472D6F /* HybridTaskRunner.swift */,
				1FB3695E0C27E391483B166E /* Info.plist */,
				B8AB3C460E7E654A90D8C5C5 /* InstructionComposer.swift */,
				BF5999F0B7EC623F10D90CAC /* LocalAgentEngine.swift */,
				8ED51EA2FC285566F4871F8B /* OfflineManager.swift */,
			);
			path = iOS;
			sourceTree = "<group>";
		};
		5419625E1DF5507257BF951B /* Chat */ = {
			isa = PBXGroup;
			children = (
				4721732B5CEE42390841498B /* ChatView.swift */,
				B4D29D5E24907A96FA4D2E50 /* PureChatView.swift */,
			);
			path = Chat;
			sourceTree = "<group>";
		};
		588B8B965654C1189F893C47 /* Main */ = {
			isa = PBXGroup;
			children = (
				D98FE702A528A629AF07AD17 /* ContentView.swift */,
				8A5E545C7A18DCBD78CD63F8 /* SidebarView.swift */,
				46781BE8A205970C00001900 /* StatusBarView.swift */,
			);
			path = Main;
			sourceTree = "<group>";
		};
		5B1218E13E1F3F0A7B847592 /* Memory */ = {
			isa = PBXGroup;
			children = (
				9963AD8AE5BC3E4499EA0A8E /* iCloudMemoryStore.swift */,
				22D956491ACDEAE798495103 /* MemoryManager.swift */,
			);
			path = Memory;
			sourceTree = "<group>";
		};
		615FF20E179F17DEB8BE15CA /* Planning */ = {
			isa = PBXGroup;
			children = (
				C99F803DC6773BE0ECF1EAC1 /* PlanManager.swift */,
			);
			path = Planning;
			sourceTree = "<group>";
		};
		75BA5C3A14548EC3FA39AE88 /* Persistence */ = {
			isa = PBXGroup;
			children = (
				019109255814C444BDF797CE /* ConversationStore.swift */,
				49E99FB5E4434DF973D4A4CE /* ProjectStore.swift */,
			);
			path = Persistence;
			sourceTree = "<group>";
		};
		79E86DB94B9DD11B4124DA2C /* Versioning */ = {
			isa = PBXGroup;
			children = (
				34B53019BE12FF00171F2617 /* BranchManager.swift */,
				0D64E244FA751DAC8FE145C6 /* DiffEngine.swift */,
				5C88BF23085D41B8FD7CB091 /* VersionStore.swift */,
			);
			path = Versioning;
			sourceTree = "<group>";
		};
		7EE704FEEFB6B12635996DFC /* Browser */ = {
			isa = PBXGroup;
			children = (
				74C85D30A5C31AA90B17F391 /* BrowserActionDecider.swift */,
				72D90B0C72D85F2DA2FEA797 /* BrowserAgent.swift */,
				C048555F66BE868221EB2C66 /* PageExtractor.swift */,
				72C40275637F5ED73999023F /* ScreenshotAnalyzer.swift */,
			);
			path = Browser;
			sourceTree = "<group>";
		};
		804DE6C32078EDF1A04D3C5C /* Products */ = {
			isa = PBXGroup;
			children = (
				46038F4315BDE594AC7BD1DE /* EonCode-iOS.app */,
				AE8AB4FD49D2A938831DA5E1 /* EonCode-macOS.app */,
			);
			name = Products;
			sourceTree = "<group>";
		};
		89243A2B7A898F7693D72218 /* Browser */ = {
			isa = PBXGroup;
			children = (
				A02F6D834180D8354261E64F /* BrowserAgentLogView.swift */,
				ADE758617187390D70446B37 /* BrowserInputView.swift */,
				A12E3EBAA0025EF1BEF57099 /* BrowserView.swift */,
				6801D7E9D2643AB3F81B696C /* WebViewContainer.swift */,
			);
			path = Browser;
			sourceTree = "<group>";
		};
		91884D6F0549CB0FF14C88EB /* Chat */ = {
			isa = PBXGroup;
			children = (
				278BB5754F878DD1D90E80F4 /* ChatManager.swift */,
				7060D69472AA8F11A2EB6740 /* iCloudChatStore.swift */,
			);
			path = Chat;
			sourceTree = "<group>";
		};
		963851FD809E3A91C627E457 /* Voice */ = {
			isa = PBXGroup;
			children = (
				70ADF5FD197A8A9F6430F9E8 /* ElevenLabsClient.swift */,
			);
			path = Voice;
			sourceTree = "<group>";
		};
		A33DC01DD76A0D66B3267794 /* Models */ = {
			isa = PBXGroup;
			children = (
				CD9A47D1C7335D55233FC1B7 /* AgentAction+Platform.swift */,
				80005FD6FE1DD206EC5BA37E /* AgentTask.swift */,
				50C4C11F30746F38FBABE6ED /* Artifact.swift */,
				557CBB414D1EB591FA27A630 /* ChatConversation.swift */,
				1ED363E471D4ADB84AC6F434 /* Conversation.swift */,
				D43691F7C3B5FCDB1C1B6587 /* FileNode.swift */,
				E187EA5E76423288E7288CE0 /* Instruction.swift */,
				D241DD777A9F72BBF861E70F /* Memory.swift */,
				691525523359CEF5DEF69C93 /* Project.swift */,
				16656CBF10C3A9CBF2D9385F /* Version.swift */,
			);
			path = Models;
			sourceTree = "<group>";
		};
		A546E78840B8C9B68200DA43 /* FileSystem */ = {
			isa = PBXGroup;
			children = (
				C966F877D2BEB442011CBB4E /* DownloadManager.swift */,
				5D6770AD74951077CAC23B6F /* FileSystemAgent.swift */,
			);
			path = FileSystem;
			sourceTree = "<group>";
		};
		A8D26FBA21161E77907B31C4 /* Keychain */ = {
			isa = PBXGroup;
			children = (
				CB753ABAC44620F82E22AB49 /* KeychainManager.swift */,
				E7B6EF92D5310FB3EDB888C6 /* KeychainSync.swift */,
			);
			path = Keychain;
			sourceTree = "<group>";
		};
		A963EBACBB0735F9348B5708 /* Background */ = {
			isa = PBXGroup;
			children = (
				49285EDBB6FC5DAD70F9E498 /* BackgroundDaemon.swift */,
			);
			path = Background;
			sourceTree = "<group>";
		};
		ADF572E8D442B0D006965131 /* Sync */ = {
			isa = PBXGroup;
			children = (
				501AC715D4B7FF9870B64918 /* ConflictResolver.swift */,
				3193CEAA6F1D88E7ED8963BC /* DeviceStatusBroadcaster.swift */,
				B424B53AA4EA225F69F46D4B /* iCloudSyncEngine.swift */,
				9D495F5B970E65C224FA31EF /* InstructionQueue.swift */,
				83A8758DA28A32CFCCD6B5BC /* LocalNetworkServer.swift */,
				615EDBC8561AE48AA3C21CFA /* PeerSyncEngine.swift */,
			);
			path = Sync;
			sourceTree = "<group>";
		};
		AE5F0903036DB66EB414FA65 /* Agent */ = {
			isa = PBXGroup;
			children = (
				F72E22CD57512F2C7ECD34FF /* AgentStatusView.swift */,
			);
			path = Agent;
			sourceTree = "<group>";
		};
		AE6F48E37372E65305CAE184 /* EonCode */ = {
			isa = PBXGroup;
			children = (
				502CB357C1A757D621D3E5B3 /* iOS */,
				2D9C7906975F25A0C7591169 /* macOS */,
				1DAFE4F1B3BC757074660AE8 /* Shared */,
			);
			path = EonCode;
			sourceTree = "<group>";
		};
		B7BCB0342E486E2AD265B5BD /* Settings */ = {
			isa = PBXGroup;
			children = (
				677901FF755D02BBD0FA608F /* MemoryView.swift */,
				8648EB788CF20518EEB7E602 /* SettingsView.swift */,
			);
			path = Settings;
			sourceTree = "<group>";
		};
		B90361557F8DE61E151F3F02 /* Planning */ = {
			isa = PBXGroup;
			children = (
				B84EC372A633EECA77608B19 /* PlanView.swift */,
			);
			path = Planning;
			sourceTree = "<group>";
		};
		B9229B76C536B9E45574859D /* Views */ = {
			isa = PBXGroup;
			children = (
				AE5F0903036DB66EB414FA65 /* Agent */,
				CBE0D3B989A550804B3D33D6 /* Artifacts */,
				89243A2B7A898F7693D72218 /* Browser */,
				5419625E1DF5507257BF951B /* Chat */,
				D77F35769C4D2F63F11D693D /* Components */,
				ECCF51933D10C3E59C65ED7A /* Editor */,
				0C33AA9013D3AB327A2D6F26 /* GitHub */,
				588B8B965654C1189F893C47 /* Main */,
				B90361557F8DE61E151F3F02 /* Planning */,
				B7BCB0342E486E2AD265B5BD /* Settings */,
			);
			path = Views;
			sourceTree = "<group>";
		};
		CBE0D3B989A550804B3D33D6 /* Artifacts */ = {
			isa = PBXGroup;
			children = (
				BF4E53D96AA4DFD1C738B31E /* ArtifactView.swift */,
			);
			path = Artifacts;
			sourceTree = "<group>";
		};
		CE4A55148D857F53AE724D64 /* Services */ = {
			isa = PBXGroup;
			children = (
				E2E1A01F813E5B28BC673988 /* Agent */,
				7EE704FEEFB6B12635996DFC /* Browser */,
				91884D6F0549CB0FF14C88EB /* Chat */,
				04FFDAF1410F88979ED3E2A6 /* ClaudeAPI */,
				1681CA7B50CCC5417C77A45A /* GitHub */,
				A8D26FBA21161E77907B31C4 /* Keychain */,
				5B1218E13E1F3F0A7B847592 /* Memory */,
				75BA5C3A14548EC3FA39AE88 /* Persistence */,
				615FF20E179F17DEB8BE15CA /* Planning */,
				F619BC498B7BB59F3297A4E4 /* ProjectIndex */,
				ADF572E8D442B0D006965131 /* Sync */,
				79E86DB94B9DD11B4124DA2C /* Versioning */,
				963851FD809E3A91C627E457 /* Voice */,
			);
			path = Services;
			sourceTree = "<group>";
		};
		D77F35769C4D2F63F11D693D /* Components */ = {
			isa = PBXGroup;
			children = (
				FE13A4A88F8FC4B1EB6175AA /* GlassCard.swift */,
			);
			path = Components;
			sourceTree = "<group>";
		};
		DC3E282990E68BB244F0E3DA /* Terminal */ = {
			isa = PBXGroup;
			children = (
				949C36CAD6023BBCB158465A /* ProcessManager.swift */,
				1F09B5EEF413CA9CA3C456C7 /* TerminalExecutor.swift */,
				24367D3F015D776FB1F2CE28 /* TerminalOutputParser.swift */,
			);
			path = Terminal;
			sourceTree = "<group>";
		};
		E2E1A01F813E5B28BC673988 /* Agent */ = {
			isa = PBXGroup;
			children = (
				9CF8380899E52FE4DAC7E4B4 /* AgentEngine.swift */,
				38F5FE9E1902F49B63BA6D11 /* AgentPlanner.swift */,
				2093D028C86CE19931CDE91C /* AgentPool.swift */,
				3094F4F57C03AA967A5D1EC8 /* CheckpointManager.swift */,
				7CF0364F24421DE2168634A6 /* OrchestratorAgent.swift */,
				1004E57355AA9AF868F6DB9E /* PromptQueue.swift */,
				DA9EBC65C40C3AF4081A1306 /* ResultAggregator.swift */,
				71B203FE0ACA3FEDE686DD1E /* SelfHealingLoop.swift */,
				24D784DC152BB5C3EDFCAD2D /* TaskDecomposer.swift */,
				17CFC5F63C45D7D5DC18E0E0 /* ToolExecutor.swift */,
				2635823B3B873B4F46591C74 /* WorkerAgent.swift */,
				DBDCBEFF3F19F76368A284DA /* WorkerPool.swift */,
			);
			path = Agent;
			sourceTree = "<group>";
		};
		ECCF51933D10C3E59C65ED7A /* Editor */ = {
			isa = PBXGroup;
			children = (
				963309F7990ED4817D91BED7 /* CodeEditorView.swift */,
				80335F767E43BB9A0F0868E2 /* FileTreeView.swift */,
				AAD626B7BE3CBB233C550B0E /* MarkdownPreview.swift */,
			);
			path = Editor;
			sourceTree = "<group>";
		};
		F619BC498B7BB59F3297A4E4 /* ProjectIndex */ = {
			isa = PBXGroup;
			children = (
				1C1CC86DF1E016E030462513 /* ProjectIndexer.swift */,
				01610C13FBC0FFECE2C3A934 /* SearchEngine.swift */,
			);
			path = ProjectIndex;
			sourceTree = "<group>";
		};
/* End PBXGroup section */

/* Begin PBXNativeTarget section */
		80CE641576C96B7C9CE365CD /* EonCode-iOS */ = {
			isa = PBXNativeTarget;
			buildConfigurationList = A9DCC6940CE35A9E140DB205 /* Build configuration list for PBXNativeTarget "EonCode-iOS" */;
			buildPhases = (
				F9329DA7B5EC5FDB4AA740CE /* Sources */,
			);
			buildRules = (
			);
			dependencies = (
			);
			name = "EonCode-iOS";
			packageProductDependencies = (
			);
			productName = "EonCode-iOS";
			productReference = 46038F4315BDE594AC7BD1DE /* EonCode-iOS.app */;
			productType = "com.apple.product-type.application";
		};
		955E825250BF130FD7770963 /* EonCode-macOS */ = {
			isa = PBXNativeTarget;
			buildConfigurationList = 7F241C4DCB8797928B1D3233 /* Build configuration list for PBXNativeTarget "EonCode-macOS" */;
			buildPhases = (
				C86C2BAC29FE009A5C7EEE9F /* Sources */,
			);
			buildRules = (
			);
			dependencies = (
			);
			name = "EonCode-macOS";
			packageProductDependencies = (
			);
			productName = "EonCode-macOS";
			productReference = AE8AB4FD49D2A938831DA5E1 /* EonCode-macOS.app */;
			productType = "com.apple.product-type.application";
		};
/* End PBXNativeTarget section */

/* Begin PBXProject section */
		3FD86EE2EE7B00B9C0966A7A /* Project object */ = {
			isa = PBXProject;
			attributes = {
				BuildIndependentTargetsInParallel = YES;
				LastUpgradeCheck = 1500;
			};
			buildConfigurationList = A67A8A93EA6EC796AEE70696 /* Build configuration list for PBXProject "EonCode" */;
			developmentRegion = en;
			hasScannedForEncodings = 0;
			knownRegions = (
				Base,
				en,
			);
			mainGroup = 27D0A43DB62855116B6ECCFC;
			minimizedProjectReferenceProxies = 1;
			preferredProjectObjectVersion = 77;
			productRefGroup = 804DE6C32078EDF1A04D3C5C /* Products */;
			projectDirPath = "";
			projectRoot = "";
			targets = (
				80CE641576C96B7C9CE365CD /* EonCode-iOS */,
				955E825250BF130FD7770963 /* EonCode-macOS */,
			);
		};
/* End PBXProject section */

/* Begin PBXSourcesBuildPhase section */
		C86C2BAC29FE009A5C7EEE9F /* Sources */ = {
			isa = PBXSourcesBuildPhase;
			buildActionMask = 2147483647;
			files = (
				724257320B25449F158ECAA8 /* AgentAction+Platform.swift in Sources */,
				D63B4F0216B866657E6DDCBE /* AgentEngine.swift in Sources */,
				41C1A33EB4B3621E11F356BD /* AgentPlanner.swift in Sources */,
				B604F2EBB12B2614C97E1E69 /* AgentPool.swift in Sources */,
				D6F579C545D3CDA7FB2A5841 /* AgentStatusView.swift in Sources */,
				AEA8AAA80179A22D65B20C08 /* AgentTask.swift in Sources */,
				CD87689C7D966735F97C72DE /* Artifact.swift in Sources */,
				64B03F501B00C5B2A06DF25C /* ArtifactView.swift in Sources */,
				619A5FD519A13BB9FA08CD8C /* BackgroundDaemon.swift in Sources */,
				087EAD128D71FE5CFFDF4A93 /* BranchManager.swift in Sources */,
				6D7B2607E4B1DD2287874FA7 /* BrowserActionDecider.swift in Sources */,
				D9A406CCEC572756BAF16E7A /* BrowserAgent.swift in Sources */,
				25AA27E8EEB9F8F731D9FE8E /* BrowserAgentLogView.swift in Sources */,
				AD69236D6CA0B6E29F5A13A2 /* BrowserInputView.swift in Sources */,
				84C36626FC0243C4CFA9DE3C /* BrowserView.swift in Sources */,
				2C2BD97F60136D694F7EE1EC /* ChatConversation.swift in Sources */,
				498DE66C9B1D010415879DCF /* ChatManager.swift in Sources */,
				91438FB852934BAE52D638FF /* ChatView.swift in Sources */,
				2709778079F0471B90CA63DD /* CheckpointManager.swift in Sources */,
				853953AD301EE67F50C2FF6D /* ClaudeAPIClient.swift in Sources */,
				76F4B20ED0AFE3B3C7B8DFB9 /* ClaudeStreamParser.swift in Sources */,
				13DACCDAEE9ABC5788EB3AE0 /* CodeEditorView.swift in Sources */,
				D8CA6AFF5923ABBA76970FB7 /* ConflictResolver.swift in Sources */,
				97C619E439000E5672E338C1 /* Constants.swift in Sources */,
				9FA2117E41A9887C5BD6FEE6 /* ContentView.swift in Sources */,
				44A1BA7B48564E9223D1BF26 /* Conversation.swift in Sources */,
				8CDAC5D9FA83D7C866401BF3 /* ConversationStore.swift in Sources */,
				C91C38B7D2CC57AAD6232EF8 /* CostCalculator.swift in Sources */,
				72BDF28DEB5035749BB319B6 /* CostTracker.swift in Sources */,
				372FFD4213DAABB430F686DD /* DeviceStatusBroadcaster.swift in Sources */,
				FE6FC763DE5BDD9DAB2413EA /* DiffEngine.swift in Sources */,
				93AF3DA2C4114648D8D0D0F6 /* DownloadManager.swift in Sources */,
				25F868AD1058FCCB1EC89684 /* ElevenLabsClient.swift in Sources */,
				13F1A4A96F594009FC299425 /* EonCodeApp.swift in Sources */,
				8FAF703AF948AE681B0C5E7D /* ExchangeRate.swift in Sources */,
				3CA14E14D3512B412CEC783A /* Extensions.swift in Sources */,
				0EC0C6B8AA3E2A714B0BB54B /* FileNode.swift in Sources */,
				0F4A6447BFA0CDE6C4D3EA0D /* FileSystemAgent.swift in Sources */,
				F22BBC68C1339ED3172B58DB /* FileTreeView.swift in Sources */,
				D573DC4F21EC29054310851F /* GitHubManager.swift in Sources */,
				FD6465BB8EA6CA55F8919EE7 /* GitHubView.swift in Sources */,
				34742B604842BA01F257C29C /* GlassCard.swift in Sources */,
				FDF1FD47805310B7EBD5E699 /* Instruction.swift in Sources */,
				085D3F3793ABF77345FFB64E /* InstructionQueue.swift in Sources */,
				AA7DB1B7C5EDFED13E074CC5 /* KeychainManager.swift in Sources */,
				F79C67FD474D982F7D961FF2 /* KeychainSync.swift in Sources */,
				278CB359AF59DEDD12D33268 /* LocalNetworkServer.swift in Sources */,
				A82F306F61AA12A39E12BB8E /* MarkdownPreview.swift in Sources */,
				85678B5C97B8E8556559A351 /* Memory.swift in Sources */,
				E0A2ABF7B719A23180128969 /* MemoryManager.swift in Sources */,
				3C837AC23DB8E68976A7B631 /* MemoryView.swift in Sources */,
				20238B64A497515243D778B6 /* OrchestratorAgent.swift in Sources */,
				0F3FE67BB64965FF630AE60B /* PageExtractor.swift in Sources */,
				169B3AD3F3A4DFE083ABA5E7 /* PeerSyncEngine.swift in Sources */,
				B0B974D411F0A578793F1FF3 /* PlanManager.swift in Sources */,
				C96FE90A4753596C470B8CCA /* PlanView.swift in Sources */,
				85A37589B004A4CFBDB717A6 /* ProcessManager.swift in Sources */,
				30EE21616567B8408803B0F8 /* Project.swift in Sources */,
				4DC0DA175937AF11EEDF6D70 /* ProjectIndexer.swift in Sources */,
				B74F587A94D0492518979E06 /* ProjectStore.swift in Sources */,
				D2835A3443BBBA92F57F22E9 /* PromptQueue.swift in Sources */,
				64C048AFE87165978355FEA9 /* PureChatView.swift in Sources */,
				3F8319BB1F221114BE5D74FF /* ResultAggregator.swift in Sources */,
				A40F2628361D577C4F30DF24 /* ScreenshotAnalyzer.swift in Sources */,
				B340D719BB48F691B0FD2B52 /* SearchEngine.swift in Sources */,
				830621596E26F0EE0BE199F1 /* SelfHealingLoop.swift in Sources */,
				B15B3A32E66BC68C14A9B15F /* SettingsView.swift in Sources */,
				09713E917073EA419F415B5B /* SidebarView.swift in Sources */,
				94BD128AB343FD1D6FC0381B /* StatusBarView.swift in Sources */,
				94C224A6F179C4694733B241 /* TaskDecomposer.swift in Sources */,
				ABCF9D40738F1D2B35943889 /* TerminalExecutor.swift in Sources */,
				92819039764516B56122D6E1 /* TerminalOutputParser.swift in Sources */,
				E3699A8D70295BB6A5CC04BD /* ToolExecutor.swift in Sources */,
				235EF6D6279EF451BC550F3A /* Version.swift in Sources */,
				76B96DDD0A596AF80D15CE66 /* VersionStore.swift in Sources */,
				95981503AAC8D399D5FD898A /* WebViewContainer.swift in Sources */,
				928B2964A4B7A456DF1CCEB5 /* WorkerAgent.swift in Sources */,
				20D6BDBD7F1ED065D0F190FD /* WorkerPool.swift in Sources */,
				BEA715E4F1333F842BAB840B /* XcodeBuildManager.swift in Sources */,
				7234B1BA0BA145D77F2B02D6 /* XcodeCrashHandler.swift in Sources */,
				3B1B8DF1C80983EDEC338C4A /* iCloudChatStore.swift in Sources */,
				92CE372383863338F53C6D30 /* iCloudMemoryStore.swift in Sources */,
				9BB01A27E843E5BF94312C87 /* iCloudSyncEngine.swift in Sources */,
			);
			runOnlyForDeploymentPostprocessing = 0;
		};
		F9329DA7B5EC5FDB4AA740CE /* Sources */ = {
			isa = PBXSourcesBuildPhase;
			buildActionMask = 2147483647;
			files = (
				CC078EE06D8F3B305C456B6E /* AgentAction+Platform.swift in Sources */,
				2DE9C23BD3C9C988BEF07AEA /* AgentEngine.swift in Sources */,
				D5D3B6380DE3D2DA0F60ABB9 /* AgentPlanner.swift in Sources */,
				A14FF20D5D2DC96BBDA3724C /* AgentPool.swift in Sources */,
				285CA456E2DCA848F1ECD93E /* AgentStatusView.swift in Sources */,
				0A8CC7720B38279464EE32AA /* AgentTask.swift in Sources */,
				9685EEBE92CD0FCE10ECB5DD /* Artifact.swift in Sources */,
				483E1566F9FFDD91844368BB /* ArtifactView.swift in Sources */,
				CF3681F29DC5839F7D6D361E /* BranchManager.swift in Sources */,
				54E446DA8D280FFE403F8DAB /* BrowserActionDecider.swift in Sources */,
				11D5CACBA20523CA5E31A558 /* BrowserAgent.swift in Sources */,
				12DD90FB71156300B7C9A5CA /* BrowserAgentLogView.swift in Sources */,
				62D902340E2A38D3F4AA5E3C /* BrowserInputView.swift in Sources */,
				A10B9893E43978C9959E87D1 /* BrowserView.swift in Sources */,
				FBC4092B4182C407D0DFADC5 /* ChatConversation.swift in Sources */,
				8E2701EC2E400F941A4C5C7C /* ChatHistorySidebar.swift in Sources */,
				7BBEAE824251A0313D75D9D9 /* ChatManager.swift in Sources */,
				6BA90BB7681D373367BD0BDB /* ChatView.swift in Sources */,
				629C5AB7F535F748776273DC /* CheckpointManager.swift in Sources */,
				4D23F26A061A6F41A3E579E3 /* ClaudeAPIClient.swift in Sources */,
				DFD9EA4D72CB7B25E04E0276 /* ClaudeStreamParser.swift in Sources */,
				B592C88FA74F2FF52D310BA0 /* CodeEditorView.swift in Sources */,
				24FE6B28102470598AF1B021 /* ConflictResolver.swift in Sources */,
				AA6428EA0847EE17D14F725B /* Constants.swift in Sources */,
				B5609C6177F9E98EED4DA45B /* ContentView.swift in Sources */,
				0188D13AF371CDA379A7DCCD /* Conversation.swift in Sources */,
				C3575023D77C6C2D0BE27C55 /* ConversationStore.swift in Sources */,
				53A9F80AA330B06C8B866228 /* CostCalculator.swift in Sources */,
				81125E32A85EA3D1D78734C2 /* CostTracker.swift in Sources */,
				8098CD29D2900ED44370EBFB /* DeviceStatusBroadcaster.swift in Sources */,
				8AAF1FFDF68BB30BBE027AE1 /* DiffEngine.swift in Sources */,
				8B2AE4944EBCA9053FB0B8EA /* ElevenLabsClient.swift in Sources */,
				6DFB9F47DAE44D8B10A0ED94 /* EonCodeApp.swift in Sources */,
				24C113E01AEF3339B36BC7CD /* ExchangeRate.swift in Sources */,
				4C5FB57E859F92A2E3BC514A /* Extensions.swift in Sources */,
				2378A7FF7A4502AE3BC11780 /* FileNode.swift in Sources */,
				63C5B594B834D9A7AFB8516C /* FileTreeView.swift in Sources */,
				9CBF52DCAC1F0375880CA1A0 /* GitHubManager.swift in Sources */,
				56E2D42ABA8FD88FA302A957 /* GitHubView.swift in Sources */,
				04C3A19B12BB59C190496B8E /* GlassCard.swift in Sources */,
				CFB6FE8AE7C20B1AE28A7C1F /* HybridTaskRunner.swift in Sources */,
				45D20FF7FFEEFA9D3D380ED5 /* Instruction.swift in Sources */,
				7C7C8B51D15AB4D07D87160E /* InstructionComposer.swift in Sources */,
				BF74DF5AA520FE7E2CACEC61 /* InstructionQueue.swift in Sources */,
				9D09142BC4D4B9B9F87DA9BE /* KeychainManager.swift in Sources */,
				C274B3CDBF8F0AEF7809A984 /* KeychainSync.swift in Sources */,
				E5613E96881A5B28B69487B8 /* LocalAgentEngine.swift in Sources */,
				979B84A378980EEDBB45EEC7 /* LocalNetworkServer.swift in Sources */,
				FACC89A8F179EC79956CE771 /* MarkdownPreview.swift in Sources */,
				17052D5064073C3BB578B068 /* Memory.swift in Sources */,
				B9BD2C6AAEFECD73885BA8FD /* MemoryManager.swift in Sources */,
				717AACE4186801A5C09B83E4 /* MemoryView.swift in Sources */,
				236495EF2573ADA5F7CBC5C4 /* OfflineManager.swift in Sources */,
				BAA1C1C1C12E227084A0E561 /* OrchestratorAgent.swift in Sources */,
				901EC9D14C4953FF2C36412C /* PageExtractor.swift in Sources */,
				472BDDC6900AC4E431555944 /* PeerSyncEngine.swift in Sources */,
				C7729DBA44D8A50E74946C07 /* PlanManager.swift in Sources */,
				5EF06F376035654A60D2E404 /* PlanView.swift in Sources */,
				30EB8345A8CB7A8423347F44 /* Project.swift in Sources */,
				765BD5C4C1777AC15A5930F9 /* ProjectIndexer.swift in Sources */,
				3DC7C4DCADB9F09965592438 /* ProjectStore.swift in Sources */,
				4B6664A71A3FF5A72AA22CCF /* PromptQueue.swift in Sources */,
				75985DA087F50BF783D4DFAE /* PureChatView.swift in Sources */,
				14BD87CF11D6F8956BE7474C /* ResultAggregator.swift in Sources */,
				4A973C40A8863DFCA5FB8989 /* ScreenshotAnalyzer.swift in Sources */,
				2F37100583316444A19223EA /* SearchEngine.swift in Sources */,
				9E7318A6A2009357006330A0 /* SelfHealingLoop.swift in Sources */,
				8BE63AB83B1A6352D41316CF /* SettingsView.swift in Sources */,
				20B7CCFFF35B48572659195C /* SidebarView.swift in Sources */,
				23DA13CBC7A2AA5CE69A0962 /* StatusBarView.swift in Sources */,
				9210C5181F4E73FC2772BCAB /* TaskDecomposer.swift in Sources */,
				B67DBD9F8F6E5A51002F3756 /* ToolExecutor.swift in Sources */,
				8EB08408A0D5F0E3E7F11649 /* Version.swift in Sources */,
				04A7797B9468A0067BD6F48B /* VersionStore.swift in Sources */,
				3C2C1D59063399ED85249EC4 /* WebViewContainer.swift in Sources */,
				E6B3CE50F2781399C25EAB6B /* WorkerAgent.swift in Sources */,
				011E84DC03765F9671DA2955 /* WorkerPool.swift in Sources */,
				64E95665D2FDB8159C43BEE7 /* iCloudChatStore.swift in Sources */,
				9B3D5338E73DDD4CD107CF20 /* iCloudMemoryStore.swift in Sources */,
				681F30B9626F1312168F6E9B /* iCloudSyncEngine.swift in Sources */,
			);
			runOnlyForDeploymentPostprocessing = 0;
		};
/* End PBXSourcesBuildPhase section */

/* Begin XCBuildConfiguration section */
		063C8ED9DE494B167FDA18B1 /* Release */ = {
			isa = XCBuildConfiguration;
			buildSettings = {
				ASSETCATALOG_COMPILER_APPICON_NAME = AppIcon;
				CODE_SIGN_ENTITLEMENTS = "EonCode/macOS/EonCode-macOS.entitlements";
				COMBINE_HIDPI_IMAGES = YES;
				ENABLE_HARDENED_RUNTIME = YES;
				INFOPLIST_FILE = EonCode/macOS/Info.plist;
				LD_RUNPATH_SEARCH_PATHS = (
					"$(inherited)",
					"@executable_path/../Frameworks",
				);
				MACOSX_DEPLOYMENT_TARGET = 15.0;
				PRODUCT_BUNDLE_IDENTIFIER = com.eoncode.macos;
				SDKROOT = macosx;
			};
			name = Release;
		};
		0A2324077DF6CF88010AC6CC /* Release */ = {
			isa = XCBuildConfiguration;
			buildSettings = {
				ALWAYS_SEARCH_USER_PATHS = NO;
				CLANG_ANALYZER_NONNULL = YES;
				CLANG_ANALYZER_NUMBER_OBJECT_CONVERSION = YES_AGGRESSIVE;
				CLANG_CXX_LANGUAGE_STANDARD = "gnu++14";
				CLANG_CXX_LIBRARY = "libc++";
				CLANG_ENABLE_MODULES = YES;
				CLANG_ENABLE_OBJC_ARC = YES;
				CLANG_ENABLE_OBJC_WEAK = YES;
				CLANG_WARN_BLOCK_CAPTURE_AUTORELEASING = YES;
				CLANG_WARN_BOOL_CONVERSION = YES;
				CLANG_WARN_COMMA = YES;
				CLANG_WARN_CONSTANT_CONVERSION = YES;
				CLANG_WARN_DEPRECATED_OBJC_IMPLEMENTATIONS = YES;
				CLANG_WARN_DIRECT_OBJC_ISA_USAGE = YES_ERROR;
				CLANG_WARN_DOCUMENTATION_COMMENTS = YES;
				CLANG_WARN_EMPTY_BODY = YES;
				CLANG_WARN_ENUM_CONVERSION = YES;
				CLANG_WARN_INFINITE_RECURSION = YES;
				CLANG_WARN_INT_CONVERSION = YES;
				CLANG_WARN_NON_LITERAL_NULL_CONVERSION = YES;
				CLANG_WARN_OBJC_IMPLICIT_RETAIN_SELF = YES;
				CLANG_WARN_OBJC_LITERAL_CONVERSION = YES;
				CLANG_WARN_OBJC_ROOT_CLASS = YES_ERROR;
				CLANG_WARN_QUOTED_INCLUDE_IN_FRAMEWORK_HEADER = YES;
				CLANG_WARN_RANGE_LOOP_ANALYSIS = YES;
				CLANG_WARN_STRICT_PROTOTYPES = YES;
				CLANG_WARN_SUSPICIOUS_MOVE = YES;
				CLANG_WARN_UNGUARDED_AVAILABILITY = YES_AGGRESSIVE;
				CLANG_WARN_UNREACHABLE_CODE = YES;
				CLANG_WARN__DUPLICATE_METHOD_MATCH = YES;
				COPY_PHASE_STRIP = NO;
				DEBUG_INFORMATION_FORMAT = "dwarf-with-dsym";
				ENABLE_HARDENED_RUNTIME = YES;
				ENABLE_NS_ASSERTIONS = NO;
				ENABLE_STRICT_OBJC_MSGSEND = YES;
				GCC_C_LANGUAGE_STANDARD = gnu11;
				GCC_NO_COMMON_BLOCKS = YES;
				GCC_WARN_64_TO_32_BIT_CONVERSION = YES;
				GCC_WARN_ABOUT_RETURN_TYPE = YES_ERROR;
				GCC_WARN_UNDECLARED_SELECTOR = YES;
				GCC_WARN_UNINITIALIZED_AUTOS = YES_AGGRESSIVE;
				GCC_WARN_UNUSED_FUNCTION = YES;
				GCC_WARN_UNUSED_VARIABLE = YES;
				IPHONEOS_DEPLOYMENT_TARGET = 17.0;
				MACOSX_DEPLOYMENT_TARGET = 15.0;
				MTL_ENABLE_DEBUG_INFO = NO;
				MTL_FAST_MATH = YES;
				PRODUCT_NAME = "$(TARGET_NAME)";
				SWIFT_COMPILATION_MODE = wholemodule;
				SWIFT_OPTIMIZATION_LEVEL = "-O";
				SWIFT_VERSION = 5.9;
			};
			name = Release;
		};
		2A349CB8222FEEB6FEEB0895 /* Debug */ = {
			isa = XCBuildConfiguration;
			buildSettings = {
				ALWAYS_SEARCH_USER_PATHS = NO;
				CLANG_ANALYZER_NONNULL = YES;
				CLANG_ANALYZER_NUMBER_OBJECT_CONVERSION = YES_AGGRESSIVE;
				CLANG_CXX_LANGUAGE_STANDARD = "gnu++14";
				CLANG_CXX_LIBRARY = "libc++";
				CLANG_ENABLE_MODULES = YES;
				CLANG_ENABLE_OBJC_ARC = YES;
				CLANG_ENABLE_OBJC_WEAK = YES;
				CLANG_WARN_BLOCK_CAPTURE_AUTORELEASING = YES;
				CLANG_WARN_BOOL_CONVERSION = YES;
				CLANG_WARN_COMMA = YES;
				CLANG_WARN_CONSTANT_CONVERSION = YES;
				CLANG_WARN_DEPRECATED_OBJC_IMPLEMENTATIONS = YES;
				CLANG_WARN_DIRECT_OBJC_ISA_USAGE = YES_ERROR;
				CLANG_WARN_DOCUMENTATION_COMMENTS = YES;
				CLANG_WARN_EMPTY_BODY = YES;
				CLANG_WARN_ENUM_CONVERSION = YES;
				CLANG_WARN_INFINITE_RECURSION = YES;
				CLANG_WARN_INT_CONVERSION = YES;
				CLANG_WARN_NON_LITERAL_NULL_CONVERSION = YES;
				CLANG_WARN_OBJC_IMPLICIT_RETAIN_SELF = YES;
				CLANG_WARN_OBJC_LITERAL_CONVERSION = YES;
				CLANG_WARN_OBJC_ROOT_CLASS = YES_ERROR;
				CLANG_WARN_QUOTED_INCLUDE_IN_FRAMEWORK_HEADER = YES;
				CLANG_WARN_RANGE_LOOP_ANALYSIS = YES;
				CLANG_WARN_STRICT_PROTOTYPES = YES;
				CLANG_WARN_SUSPICIOUS_MOVE = YES;
				CLANG_WARN_UNGUARDED_AVAILABILITY = YES_AGGRESSIVE;
				CLANG_WARN_UNREACHABLE_CODE = YES;
				CLANG_WARN__DUPLICATE_METHOD_MATCH = YES;
				COPY_PHASE_STRIP = NO;
				DEBUG_INFORMATION_FORMAT = dwarf;
				ENABLE_HARDENED_RUNTIME = YES;
				ENABLE_STRICT_OBJC_MSGSEND = YES;
				ENABLE_TESTABILITY = YES;
				GCC_C_LANGUAGE_STANDARD = gnu11;
				GCC_DYNAMIC_NO_PIC = NO;
				GCC_NO_COMMON_BLOCKS = YES;
				GCC_OPTIMIZATION_LEVEL = 0;
				GCC_PREPROCESSOR_DEFINITIONS = (
					"$(inherited)",
					"DEBUG=1",
				);
				GCC_WARN_64_TO_32_BIT_CONVERSION = YES;
				GCC_WARN_ABOUT_RETURN_TYPE = YES_ERROR;
				GCC_WARN_UNDECLARED_SELECTOR = YES;
				GCC_WARN_UNINITIALIZED_AUTOS = YES_AGGRESSIVE;
				GCC_WARN_UNUSED_FUNCTION = YES;
				GCC_WARN_UNUSED_VARIABLE = YES;
				IPHONEOS_DEPLOYMENT_TARGET = 17.0;
				MACOSX_DEPLOYMENT_TARGET = 15.0;
				MTL_ENABLE_DEBUG_INFO = INCLUDE_SOURCE;
				MTL_FAST_MATH = YES;
				ONLY_ACTIVE_ARCH = YES;
				PRODUCT_NAME = "$(TARGET_NAME)";
				SWIFT_ACTIVE_COMPILATION_CONDITIONS = DEBUG;
				SWIFT_OPTIMIZATION_LEVEL = "-Onone";
				SWIFT_VERSION = 5.9;
			};
			name = Debug;
		};
		4A391606F4C683FA57A8EA85 /* Release */ = {
			isa = XCBuildConfiguration;
			buildSettings = {
				ASSETCATALOG_COMPILER_APPICON_NAME = AppIcon;
				CODE_SIGN_ENTITLEMENTS = "EonCode/iOS/EonCode-iOS.entitlements";
				CODE_SIGN_IDENTITY = "iPhone Developer";
				DEVELOPMENT_TEAM = G648H762LD;
				INFOPLIST_FILE = EonCode/iOS/Info.plist;
				IPHONEOS_DEPLOYMENT_TARGET = 17.0;
				LD_RUNPATH_SEARCH_PATHS = (
					"$(inherited)",
					"@executable_path/Frameworks",
				);
				PRODUCT_BUNDLE_IDENTIFIER = com.eoncode.ios;
				SDKROOT = iphoneos;
				SWIFT_ACTIVE_COMPILATION_CONDITIONS = "";
				TARGETED_DEVICE_FAMILY = "1,2";
			};
			name = Release;
		};
		E38704A09F885B25308E955A /* Debug */ = {
			isa = XCBuildConfiguration;
			buildSettings = {
				ASSETCATALOG_COMPILER_APPICON_NAME = AppIcon;
				CODE_SIGN_ENTITLEMENTS = "EonCode/iOS/EonCode-iOS.entitlements";
				CODE_SIGN_IDENTITY = "iPhone Developer";
				DEVELOPMENT_TEAM = G648H762LD;
				INFOPLIST_FILE = EonCode/iOS/Info.plist;
				IPHONEOS_DEPLOYMENT_TARGET = 17.0;
				LD_RUNPATH_SEARCH_PATHS = (
					"$(inherited)",
					"@executable_path/Frameworks",
				);
				PRODUCT_BUNDLE_IDENTIFIER = com.eoncode.ios;
				SDKROOT = iphoneos;
				SWIFT_ACTIVE_COMPILATION_CONDITIONS = DEBUG;
				TARGETED_DEVICE_FAMILY = "1,2";
			};
			name = Debug;
		};
		FD08903DAF4CF10FC5E907DA /* Debug */ = {
			isa = XCBuildConfiguration;
			buildSettings = {
				ASSETCATALOG_COMPILER_APPICON_NAME = AppIcon;
				CODE_SIGN_ENTITLEMENTS = "EonCode/macOS/EonCode-macOS.entitlements";
				COMBINE_HIDPI_IMAGES = YES;
				ENABLE_HARDENED_RUNTIME = YES;
				INFOPLIST_FILE = EonCode/macOS/Info.plist;
				LD_RUNPATH_SEARCH_PATHS = (
					"$(inherited)",
					"@executable_path/../Frameworks",
				);
				MACOSX_DEPLOYMENT_TARGET = 15.0;
				PRODUCT_BUNDLE_IDENTIFIER = com.eoncode.macos;
				SDKROOT = macosx;
			};
			name = Debug;
		};
/* End XCBuildConfiguration section */

/* Begin XCConfigurationList section */
		7F241C4DCB8797928B1D3233 /* Build configuration list for PBXNativeTarget "EonCode-macOS" */ = {
			isa = XCConfigurationList;
			buildConfigurations = (
				FD08903DAF4CF10FC5E907DA /* Debug */,
				063C8ED9DE494B167FDA18B1 /* Release */,
			);
			defaultConfigurationIsVisible = 0;
			defaultConfigurationName = Debug;
		};
		A67A8A93EA6EC796AEE70696 /* Build configuration list for PBXProject "EonCode" */ = {
			isa = XCConfigurationList;
			buildConfigurations = (
				2A349CB8222FEEB6FEEB0895 /* Debug */,
				0A2324077DF6CF88010AC6CC /* Release */,
			);
			defaultConfigurationIsVisible = 0;
			defaultConfigurationName = Debug;
		};
		A9DCC6940CE35A9E140DB205 /* Build configuration list for PBXNativeTarget "EonCode-iOS" */ = {
			isa = XCConfigurationList;
			buildConfigurations = (
				E38704A09F885B25308E955A /* Debug */,
				4A391606F4C683FA57A8EA85 /* Release */,
			);
			defaultConfigurationIsVisible = 0;
			defaultConfigurationName = Debug;
		};
/* End XCConfigurationList section */
	};
	rootObject = 3FD86EE2EE7B00B9C0966A7A /* Project object */;
}
